
Microsoft Visual Studio Solution File, Format Version 12.00
# Visual Studio Version 17
VisualStudioVersion = 17.3.32825.248
MinimumVisualStudioVersion = 10.0.40219.1
Project("{FAE04EC0-301F-11D3-BF4B-00C04F79EFBC}") = "CashMasters", "CashMasters\CashMasters.csproj", "{12E7FDA3-A55D-414B-B334-F2FF4B57A6F1}"
EndProject
Project("{FAE04EC0-301F-11D3-BF4B-00C04F79EFBC}") = "CashMasters.Tests", "CashMasters.Tests\CashMasters.Tests.csproj", "{DA08B6F5-8478-4818-9E2C-9B4390527F5B}"
EndProject
Global
	GlobalSection(SolutionConfigurationPlatforms) = preSolution
		Debug|Any CPU = Debug|Any CPU
		Release|Any CPU = Release|Any CPU
	EndGlobalSection
	GlobalSection(ProjectConfigurationPlatforms) = postSolution
		{12E7FDA3-A55D-414B-B334-F2FF4B57A6F1}.Debug|Any CPU.ActiveCfg = Debug|Any CPU
		{12E7FDA3-A55D-414B-B334-F2FF4B57A6F1}.Debug|Any CPU.Build.0 = Debug|Any CPU
		{12E7FDA3-A55D-414B-B334-F2FF4B57A6F1}.Release|Any CPU.ActiveCfg = Release|Any CPU
		{12E7FDA3-A55D-414B-B334-F2FF4B57A6F1}.Release|Any CPU.Build.0 = Release|Any CPU
		{DA08B6F5-8478-4818-9E2C-9B4390527F5B}.Debug|Any CPU.ActiveCfg = Debug|Any CPU
		{DA08B6F5-8478-4818-9E2C-9B4390527F5B}.Debug|Any CPU.Build.0 = Debug|Any CPU
		{DA08B6F5-8478-4818-9E2C-9B4390527F5B}.Release|Any CPU.ActiveCfg = Release|Any CPU
		{DA08B6F5-8478-4818-9E2C-9B4390527F5B}.Release|Any CPU.Build.0 = Release|Any CPU
	EndGlobalSection
	GlobalSection(SolutionProperties) = preSolution
		HideSolutionNode = FALSE
	EndGlobalSection
	GlobalSection(ExtensibilityGlobals) = postSolution
		SolutionGuid = {5BCBE54D-8AA2-40F5-B874-5C3F3457E412}
	EndGlobalSection
EndGlobal
